
Microsoft Visual Studio Solution File, Format Version 12.00
# Visual Studio Version 17
VisualStudioVersion = 17.11.35431.28
MinimumVisualStudioVersion = 10.0.40219.1
Project("{9A19103F-16F7-4668-BE54-9A1E7A4F7556}") = "Polygamy", "Polygamy.csproj", "{35ABF7EA-E6CE-4866-A08C-E03B8B6FEB7D}"
EndProject
Global
	GlobalSection(SolutionConfigurationPlatforms) = preSolution
		Debug|Any CPU = Debug|Any CPU
		Release|Any CPU = Release|Any CPU
	EndGlobalSection
	GlobalSection(ProjectConfigurationPlatforms) = postSolution
		{35ABF7EA-E6CE-4866-A08C-E03B8B6FEB7D}.Debug|Any CPU.ActiveCfg = Debug|Any CPU
		{35ABF7EA-E6CE-4866-A08C-E03B8B6FEB7D}.Debug|Any CPU.Build.0 = Debug|Any CPU
		{35ABF7EA-E6CE-4866-A08C-E03B8B6FEB7D}.Release|Any CPU.ActiveCfg = Release|Any CPU
		{35ABF7EA-E6CE-4866-A08C-E03B8B6FEB7D}.Release|Any CPU.Build.0 = Release|Any CPU
	EndGlobalSection
	GlobalSection(SolutionProperties) = preSolution
		HideSolutionNode = FALSE
	EndGlobalSection
	GlobalSection(ExtensibilityGlobals) = postSolution
		SolutionGuid = {E16F3147-7BD3-413B-824E-D189CDC10515}
	EndGlobalSection
EndGlobal
